
Microsoft Visual Studio Solution File, Format Version 12.00
# Visual Studio Version 17
VisualStudioVersion = 17.10.34928.147
MinimumVisualStudioVersion = 10.0.40219.1
Project("{9A19103F-16F7-4668-BE54-9A1E7A4F7556}") = "Cruise.AppOffline.Web", "Cruise.AppOffline\Cruise.AppOffline.Web.csproj", "{D6E729BF-0D7F-41FC-AAD0-00BD5982988E}"
EndProject
Project("{2150E333-8FDC-42A3-9474-1A3956D46DE8}") = "Solution Items", "Solution Items", "{F7AD8D98-5697-430F-8B4B-21DB45D14A67}"
	ProjectSection(SolutionItems) = preProject
		.gitignore = .gitignore
		README.md = README.md
	EndProjectSection
EndProject
Global
	GlobalSection(SolutionConfigurationPlatforms) = preSolution
		Debug|Any CPU = Debug|Any CPU
		Release|Any CPU = Release|Any CPU
	EndGlobalSection
	GlobalSection(ProjectConfigurationPlatforms) = postSolution
		{D6E729BF-0D7F-41FC-AAD0-00BD5982988E}.Debug|Any CPU.ActiveCfg = Debug|Any CPU
		{D6E729BF-0D7F-41FC-AAD0-00BD5982988E}.Debug|Any CPU.Build.0 = Debug|Any CPU
		{D6E729BF-0D7F-41FC-AAD0-00BD5982988E}.Release|Any CPU.ActiveCfg = Release|Any CPU
		{D6E729BF-0D7F-41FC-AAD0-00BD5982988E}.Release|Any CPU.Build.0 = Release|Any CPU
	EndGlobalSection
	GlobalSection(SolutionProperties) = preSolution
		HideSolutionNode = FALSE
	EndGlobalSection
	GlobalSection(ExtensibilityGlobals) = postSolution
		SolutionGuid = {6CEF53D4-C42B-4258-A0E3-F9AC13AD5B1B}
	EndGlobalSection
EndGlobal
